
Microsoft Visual Studio Solution File, Format Version 12.00
# Visual Studio Version 17
VisualStudioVersion = 17.10.35122.118
MinimumVisualStudioVersion = 10.0.40219.1
Project("{9A19103F-16F7-4668-BE54-9A1E7A4F7556}") = "SqlDetective.Api", "SqlDetective.Api\SqlDetective.Api.csproj", "{58E675E8-0A29-45F8-BD9E-495EA3549E18}"
EndProject
Project("{9A19103F-16F7-4668-BE54-9A1E7A4F7556}") = "SqlDetective.Domain", "SqlDetective.Domain\SqlDetective.Domain.csproj", "{673F4A55-310F-4FA6-99ED-DF5A0ED4D4BD}"
EndProject
Project("{9A19103F-16F7-4668-BE54-9A1E7A4F7556}") = "SqlDetective.Data", "SqlDetective.Data\SqlDetective.Data.csproj", "{FE48CC5C-0635-40AF-AD6B-A45E380635AF}"
EndProject
Project("{2150E333-8FDC-42A3-9474-1A3956D46DE8}") = "Solution Items", "Solution Items", "{A4A60BEC-C612-4A20-9C33-203737BBFC87}"
	ProjectSection(SolutionItems) = preProject
		Dockerfile.txt = Dockerfile.txt
	EndProjectSection
EndProject
Global
	GlobalSection(SolutionConfigurationPlatforms) = preSolution
		Debug|Any CPU = Debug|Any CPU
		Release|Any CPU = Release|Any CPU
	EndGlobalSection
	GlobalSection(ProjectConfigurationPlatforms) = postSolution
		{58E675E8-0A29-45F8-BD9E-495EA3549E18}.Debug|Any CPU.ActiveCfg = Debug|Any CPU
		{58E675E8-0A29-45F8-BD9E-495EA3549E18}.Debug|Any CPU.Build.0 = Debug|Any CPU
		{58E675E8-0A29-45F8-BD9E-495EA3549E18}.Release|Any CPU.ActiveCfg = Release|Any CPU
		{58E675E8-0A29-45F8-BD9E-495EA3549E18}.Release|Any CPU.Build.0 = Release|Any CPU
		{673F4A55-310F-4FA6-99ED-DF5A0ED4D4BD}.Debug|Any CPU.ActiveCfg = Debug|Any CPU
		{673F4A55-310F-4FA6-99ED-DF5A0ED4D4BD}.Debug|Any CPU.Build.0 = Debug|Any CPU
		{673F4A55-310F-4FA6-99ED-DF5A0ED4D4BD}.Release|Any CPU.ActiveCfg = Release|Any CPU
		{673F4A55-310F-4FA6-99ED-DF5A0ED4D4BD}.Release|Any CPU.Build.0 = Release|Any CPU
		{FE48CC5C-0635-40AF-AD6B-A45E380635AF}.Debug|Any CPU.ActiveCfg = Debug|Any CPU
		{FE48CC5C-0635-40AF-AD6B-A45E380635AF}.Debug|Any CPU.Build.0 = Debug|Any CPU
		{FE48CC5C-0635-40AF-AD6B-A45E380635AF}.Release|Any CPU.ActiveCfg = Release|Any CPU
		{FE48CC5C-0635-40AF-AD6B-A45E380635AF}.Release|Any CPU.Build.0 = Release|Any CPU
	EndGlobalSection
	GlobalSection(SolutionProperties) = preSolution
		HideSolutionNode = FALSE
	EndGlobalSection
	GlobalSection(ExtensibilityGlobals) = postSolution
		SolutionGuid = {06B9AB94-12B9-434B-AB95-B58A6E33D599}
	EndGlobalSection
EndGlobal
