
Microsoft Visual Studio Solution File, Format Version 12.00
# Visual Studio Version 17
VisualStudioVersion = 17.10.35122.118
MinimumVisualStudioVersion = 10.0.40219.1
Project("{FAE04EC0-301F-11D3-BF4B-00C04F79EFBC}") = "SqlDetective.Api", "SqlDetective.Api\SqlDetective.Api.csproj", "{58E675E8-0A29-45F8-BD9E-495EA3549E18}"
EndProject
Project("{FAE04EC0-301F-11D3-BF4B-00C04F79EFBC}") = "SqlDetective.Domain", "SqlDetective.Domain\SqlDetective.Domain.csproj", "{673F4A55-310F-4FA6-99ED-DF5A0ED4D4BD}"
EndProject
Project("{FAE04EC0-301F-11D3-BF4B-00C04F79EFBC}") = "SqlDetective.Data", "SqlDetective.Data\SqlDetective.Data.csproj", "{FE48CC5C-0635-40AF-AD6B-A45E380635AF}"
EndProject
Global
	GlobalSection(SolutionConfigurationPlatforms) = preSolution
		Debug|Any CPU = Debug|Any CPU
		Release|Any CPU = Release|Any CPU
	EndGlobalSection
	GlobalSection(ProjectConfigurationPlatforms) = postSolution
		{58E675E8-0A29-45F8-BD9E-495EA3549E18}.Debug|Any CPU.ActiveCfg = Debug|Any CPU
		{58E675E8-0A29-45F8-BD9E-495EA3549E18}.Debug|Any CPU.Build.0 = Debug|Any CPU
		{58E675E8-0A29-45F8-BD9E-495EA3549E18}.Release|Any CPU.ActiveCfg = Release|Any CPU
		{58E675E8-0A29-45F8-BD9E-495EA3549E18}.Release|Any CPU.Build.0 = Release|Any CPU
		{673F4A55-310F-4FA6-99ED-DF5A0ED4D4BD}.Debug|Any CPU.ActiveCfg = Debug|Any CPU
		{673F4A55-310F-4FA6-99ED-DF5A0ED4D4BD}.Debug|Any CPU.Build.0 = Debug|Any CPU
		{673F4A55-310F-4FA6-99ED-DF5A0ED4D4BD}.Release|Any CPU.ActiveCfg = Release|Any CPU
		{673F4A55-310F-4FA6-99ED-DF5A0ED4D4BD}.Release|Any CPU.Build.0 = Release|Any CPU
		{FE48CC5C-0635-40AF-AD6B-A45E380635AF}.Debug|Any CPU.ActiveCfg = Debug|Any CPU
		{FE48CC5C-0635-40AF-AD6B-A45E380635AF}.Debug|Any CPU.Build.0 = Debug|Any CPU
		{FE48CC5C-0635-40AF-AD6B-A45E380635AF}.Release|Any CPU.ActiveCfg = Release|Any CPU
		{FE48CC5C-0635-40AF-AD6B-A45E380635AF}.Release|Any CPU.Build.0 = Release|Any CPU
	EndGlobalSection
	GlobalSection(SolutionProperties) = preSolution
		HideSolutionNode = FALSE
	EndGlobalSection
	GlobalSection(ExtensibilityGlobals) = postSolution
		SolutionGuid = {06B9AB94-12B9-434B-AB95-B58A6E33D599}
	EndGlobalSection
EndGlobal
